{
  "name": "ripuppet",
  "version": "1.0.0",
  "lockfileVersion": 1,
  "requires": true,
  "dependencies": {
    "@firebase/analytics": {
      "version": "0.6.0",
      "resolved": "https://registry.npmjs.org/@firebase/analytics/-/analytics-0.6.0.tgz",
      "integrity": "sha512-6qYEOPUVYrMhqvJ46Z5Uf1S4uULd6d7vGpMP5Qz+u8kIWuOQGcPdJKQap+Hla6Rq164or9gC2HRXuYXKlgWfpw==",
      "requires": {
        "@firebase/analytics-types": "0.4.0",
        "@firebase/component": "0.1.19",
        "@firebase/installations": "0.4.17",
        "@firebase/logger": "0.2.6",
        "@firebase/util": "0.3.2",
        "tslib": "^1.11.1"
      }
    },
    "@firebase/analytics-types": {
      "version": "0.4.0",
      "resolved": "https://registry.npmjs.org/@firebase/analytics-types/-/analytics-types-0.4.0.tgz",
      "integrity": "sha512-Jj2xW+8+8XPfWGkv9HPv/uR+Qrmq37NPYT352wf7MvE9LrstpLVmFg3LqG6MCRr5miLAom5sen2gZ+iOhVDeRA=="
    },
    "@firebase/app": {
      "version": "0.6.11",
      "resolved": "https://registry.npmjs.org/@firebase/app/-/app-0.6.11.tgz",
      "integrity": "sha512-FH++PaoyTzfTAVuJ0gITNYEIcjT5G+D0671La27MU8Vvr6MTko+5YUZ4xS9QItyotSeRF4rMJ1KR7G8LSyySiA==",
      "requires": {
        "@firebase/app-types": "0.6.1",
        "@firebase/component": "0.1.19",
        "@firebase/logger": "0.2.6",
        "@firebase/util": "0.3.2",
        "dom-storage": "2.1.0",
        "tslib": "^1.11.1",
        "xmlhttprequest": "1.8.0"
      }
    },
    "@firebase/app-types": {
      "version": "0.6.1",
      "resolved": "https://registry.npmjs.org/@firebase/app-types/-/app-types-0.6.1.tgz",
      "integrity": "sha512-L/ZnJRAq7F++utfuoTKX4CLBG5YR7tFO3PLzG1/oXXKEezJ0kRL3CMRoueBEmTCzVb/6SIs2Qlaw++uDgi5Xyg=="
    },
    "@firebase/auth": {
      "version": "0.15.0",
      "resolved": "https://registry.npmjs.org/@firebase/auth/-/auth-0.15.0.tgz",
      "integrity": "sha512-IFuzhxS+HtOQl7+SZ/Mhaghy/zTU7CENsJFWbC16tv2wfLZbayKF5jYGdAU3VFLehgC8KjlcIWd10akc3XivfQ==",
      "requires": {
        "@firebase/auth-types": "0.10.1"
      }
    },
    "@firebase/auth-interop-types": {
      "version": "0.1.5",
      "resolved": "https://registry.npmjs.org/@firebase/auth-interop-types/-/auth-interop-types-0.1.5.tgz",
      "integrity": "sha512-88h74TMQ6wXChPA6h9Q3E1Jg6TkTHep2+k63OWg3s0ozyGVMeY+TTOti7PFPzq5RhszQPQOoCi59es4MaRvgCw=="
    },
    "@firebase/auth-types": {
      "version": "0.10.1",
      "resolved": "https://registry.npmjs.org/@firebase/auth-types/-/auth-types-0.10.1.tgz",
      "integrity": "sha512-/+gBHb1O9x/YlG7inXfxff/6X3BPZt4zgBv4kql6HEmdzNQCodIRlEYnI+/da+lN+dha7PjaFH7C7ewMmfV7rw=="
    },
    "@firebase/component": {
      "version": "0.1.19",
      "resolved": "https://registry.npmjs.org/@firebase/component/-/component-0.1.19.tgz",
      "integrity": "sha512-L0S3g8eqaerg8y0zox3oOHSTwn/FE8RbcRHiurnbESvDViZtP5S5WnhuAPd7FnFxa8ElWK0z1Tr3ikzWDv1xdQ==",
      "requires": {
        "@firebase/util": "0.3.2",
        "tslib": "^1.11.1"
      }
    },
    "@firebase/database": {
      "version": "0.6.13",
      "resolved": "https://registry.npmjs.org/@firebase/database/-/database-0.6.13.tgz",
      "integrity": "sha512-NommVkAPzU7CKd1gyehmi3lz0K78q0KOfiex7Nfy7MBMwknLm7oNqKovXSgQV1PCLvKXvvAplDSFhDhzIf9obA==",
      "requires": {
        "@firebase/auth-interop-types": "0.1.5",
        "@firebase/component": "0.1.19",
        "@firebase/database-types": "0.5.2",
        "@firebase/logger": "0.2.6",
        "@firebase/util": "0.3.2",
        "faye-websocket": "0.11.3",
        "tslib": "^1.11.1"
      }
    },
    "@firebase/database-types": {
      "version": "0.5.2",
      "resolved": "https://registry.npmjs.org/@firebase/database-types/-/database-types-0.5.2.tgz",
      "integrity": "sha512-ap2WQOS3LKmGuVFKUghFft7RxXTyZTDr0Xd8y2aqmWsbJVjgozi0huL/EUMgTjGFrATAjcf2A7aNs8AKKZ2a8g==",
      "requires": {
        "@firebase/app-types": "0.6.1"
      }
    },
    "@firebase/firestore": {
      "version": "1.18.0",
      "resolved": "https://registry.npmjs.org/@firebase/firestore/-/firestore-1.18.0.tgz",
      "integrity": "sha512-maMq4ltkrwjDRusR2nt0qS4wldHQMp+0IDSfXIjC+SNmjnWY/t/+Skn9U3Po+dB38xpz3i7nsKbs+8utpDnPSw==",
      "requires": {
        "@firebase/component": "0.1.19",
        "@firebase/firestore-types": "1.14.0",
        "@firebase/logger": "0.2.6",
        "@firebase/util": "0.3.2",
        "@firebase/webchannel-wrapper": "0.4.0",
        "@grpc/grpc-js": "^1.0.0",
        "@grpc/proto-loader": "^0.5.0",
        "node-fetch": "2.6.1",
        "tslib": "^1.11.1"
      }
    },
    "@firebase/firestore-types": {
      "version": "1.14.0",
      "resolved": "https://registry.npmjs.org/@firebase/firestore-types/-/firestore-types-1.14.0.tgz",
      "integrity": "sha512-WF8IBwHzZDhwyOgQnmB0pheVrLNP78A8PGxk1nxb/Nrgh1amo4/zYvFMGgSsTeaQK37xMYS/g7eS948te/dJxw=="
    },
    "@firebase/functions": {
      "version": "0.5.1",
      "resolved": "https://registry.npmjs.org/@firebase/functions/-/functions-0.5.1.tgz",
      "integrity": "sha512-yyjPZXXvzFPjkGRSqFVS5Hc2Y7Y48GyyMH+M3i7hLGe69r/59w6wzgXKqTiSYmyE1pxfjxU4a1YqBDHNkQkrYQ==",
      "requires": {
        "@firebase/component": "0.1.19",
        "@firebase/functions-types": "0.3.17",
        "@firebase/messaging-types": "0.5.0",
        "node-fetch": "2.6.1",
        "tslib": "^1.11.1"
      }
    },
    "@firebase/functions-types": {
      "version": "0.3.17",
      "resolved": "https://registry.npmjs.org/@firebase/functions-types/-/functions-types-0.3.17.tgz",
      "integrity": "sha512-DGR4i3VI55KnYk4IxrIw7+VG7Q3gA65azHnZxo98Il8IvYLr2UTBlSh72dTLlDf25NW51HqvJgYJDKvSaAeyHQ=="
    },
    "@firebase/installations": {
      "version": "0.4.17",
      "resolved": "https://registry.npmjs.org/@firebase/installations/-/installations-0.4.17.tgz",
      "integrity": "sha512-AE/TyzIpwkC4UayRJD419xTqZkKzxwk0FLht3Dci8WI2OEKHSwoZG9xv4hOBZebe+fDzoV2EzfatQY8c/6Avig==",
      "requires": {
        "@firebase/component": "0.1.19",
        "@firebase/installations-types": "0.3.4",
        "@firebase/util": "0.3.2",
        "idb": "3.0.2",
        "tslib": "^1.11.1"
      }
    },
    "@firebase/installations-types": {
      "version": "0.3.4",
      "resolved": "https://registry.npmjs.org/@firebase/installations-types/-/installations-types-0.3.4.tgz",
      "integrity": "sha512-RfePJFovmdIXb6rYwtngyxuEcWnOrzdZd9m7xAW0gRxDIjBT20n3BOhjpmgRWXo/DAxRmS7bRjWAyTHY9cqN7Q=="
    },
    "@firebase/logger": {
      "version": "0.2.6",
      "resolved": "https://registry.npmjs.org/@firebase/logger/-/logger-0.2.6.tgz",
      "integrity": "sha512-KIxcUvW/cRGWlzK9Vd2KB864HlUnCfdTH0taHE0sXW5Xl7+W68suaeau1oKNEqmc3l45azkd4NzXTCWZRZdXrw=="
    },
    "@firebase/messaging": {
      "version": "0.7.1",
      "resolved": "https://registry.npmjs.org/@firebase/messaging/-/messaging-0.7.1.tgz",
      "integrity": "sha512-iev/ST9v0xd/8YpGYrZtDcqdD9J6ZWzSuceRn8EKy5vIgQvW/rk2eTQc8axzvDpQ36ZfphMYuhW6XuNrR3Pd2Q==",
      "requires": {
        "@firebase/component": "0.1.19",
        "@firebase/installations": "0.4.17",
        "@firebase/messaging-types": "0.5.0",
        "@firebase/util": "0.3.2",
        "idb": "3.0.2",
        "tslib": "^1.11.1"
      }
    },
    "@firebase/messaging-types": {
      "version": "0.5.0",
      "resolved": "https://registry.npmjs.org/@firebase/messaging-types/-/messaging-types-0.5.0.tgz",
      "integrity": "sha512-QaaBswrU6umJYb/ZYvjR5JDSslCGOH6D9P136PhabFAHLTR4TWjsaACvbBXuvwrfCXu10DtcjMxqfhdNIB1Xfg=="
    },
    "@firebase/performance": {
      "version": "0.4.2",
      "resolved": "https://registry.npmjs.org/@firebase/performance/-/performance-0.4.2.tgz",
      "integrity": "sha512-irHTCVWJ/sxJo0QHg+yQifBeVu8ZJPihiTqYzBUz/0AGc51YSt49FZwqSfknvCN2+OfHaazz/ARVBn87g7Ex8g==",
      "requires": {
        "@firebase/component": "0.1.19",
        "@firebase/installations": "0.4.17",
        "@firebase/logger": "0.2.6",
        "@firebase/performance-types": "0.0.13",
        "@firebase/util": "0.3.2",
        "tslib": "^1.11.1"
      }
    },
    "@firebase/performance-types": {
      "version": "0.0.13",
      "resolved": "https://registry.npmjs.org/@firebase/performance-types/-/performance-types-0.0.13.tgz",
      "integrity": "sha512-6fZfIGjQpwo9S5OzMpPyqgYAUZcFzZxHFqOyNtorDIgNXq33nlldTL/vtaUZA8iT9TT5cJlCrF/jthKU7X21EA=="
    },
    "@firebase/polyfill": {
      "version": "0.3.36",
      "resolved": "https://registry.npmjs.org/@firebase/polyfill/-/polyfill-0.3.36.tgz",
      "integrity": "sha512-zMM9oSJgY6cT2jx3Ce9LYqb0eIpDE52meIzd/oe/y70F+v9u1LDqk5kUF5mf16zovGBWMNFmgzlsh6Wj0OsFtg==",
      "requires": {
        "core-js": "3.6.5",
        "promise-polyfill": "8.1.3",
        "whatwg-fetch": "2.0.4"
      }
    },
    "@firebase/remote-config": {
      "version": "0.1.28",
      "resolved": "https://registry.npmjs.org/@firebase/remote-config/-/remote-config-0.1.28.tgz",
      "integrity": "sha512-4zSdyxpt94jAnFhO8toNjG8oMKBD+xTuBIcK+Nw8BdQWeJhEamgXlupdBARUk1uf3AvYICngHH32+Si/dMVTbw==",
      "requires": {
        "@firebase/component": "0.1.19",
        "@firebase/installations": "0.4.17",
        "@firebase/logger": "0.2.6",
        "@firebase/remote-config-types": "0.1.9",
        "@firebase/util": "0.3.2",
        "tslib": "^1.11.1"
      }
    },
    "@firebase/remote-config-types": {
      "version": "0.1.9",
      "resolved": "https://registry.npmjs.org/@firebase/remote-config-types/-/remote-config-types-0.1.9.tgz",
      "integrity": "sha512-G96qnF3RYGbZsTRut7NBX0sxyczxt1uyCgXQuH/eAfUCngxjEGcZQnBdy6mvSdqdJh5mC31rWPO4v9/s7HwtzA=="
    },
    "@firebase/storage": {
      "version": "0.3.43",
      "resolved": "https://registry.npmjs.org/@firebase/storage/-/storage-0.3.43.tgz",
      "integrity": "sha512-Jp54jcuyimLxPhZHFVAhNbQmgTu3Sda7vXjXrNpPEhlvvMSq4yuZBR6RrZxe/OrNVprLHh/6lTCjwjOVSo3bWA==",
      "requires": {
        "@firebase/component": "0.1.19",
        "@firebase/storage-types": "0.3.13",
        "@firebase/util": "0.3.2",
        "tslib": "^1.11.1"
      }
    },
    "@firebase/storage-types": {
      "version": "0.3.13",
      "resolved": "https://registry.npmjs.org/@firebase/storage-types/-/storage-types-0.3.13.tgz",
      "integrity": "sha512-pL7b8d5kMNCCL0w9hF7pr16POyKkb3imOW7w0qYrhBnbyJTdVxMWZhb0HxCFyQWC0w3EiIFFmxoz8NTFZDEFog=="
    },
    "@firebase/util": {
      "version": "0.3.2",
      "resolved": "https://registry.npmjs.org/@firebase/util/-/util-0.3.2.tgz",
      "integrity": "sha512-Dqs00++c8rwKky6KCKLLY2T1qYO4Q+X5t+lF7DInXDNF4ae1Oau35bkD+OpJ9u7l1pEv7KHowP6CUKuySCOc8g==",
      "requires": {
        "tslib": "^1.11.1"
      }
    },
    "@firebase/webchannel-wrapper": {
      "version": "0.4.0",
      "resolved": "https://registry.npmjs.org/@firebase/webchannel-wrapper/-/webchannel-wrapper-0.4.0.tgz",
      "integrity": "sha512-8cUA/mg0S+BxIZ72TdZRsXKBP5n5uRcE3k29TZhZw6oIiHBt9JA7CTb/4pE1uKtE/q5NeTY2tBDcagoZ+1zjXQ=="
    },
    "@grpc/grpc-js": {
      "version": "1.9.9",
      "resolved": "https://registry.npmjs.org/@grpc/grpc-js/-/grpc-js-1.9.9.tgz",
      "integrity": "sha512-vQ1qwi/Kiyprt+uhb1+rHMpyk4CVRMTGNUGGPRGS7pLNfWkdCHrGEnT6T3/JyC2VZgoOX/X1KwdoU0WYQAeYcQ==",
      "requires": {
        "@grpc/proto-loader": "^0.7.8",
        "@types/node": ">=12.12.47"
      },
      "dependencies": {
        "@grpc/proto-loader": {
          "version": "0.7.10",
          "resolved": "https://registry.npmjs.org/@grpc/proto-loader/-/proto-loader-0.7.10.tgz",
          "integrity": "sha512-CAqDfoaQ8ykFd9zqBDn4k6iWT9loLAlc2ETmDFS9JCD70gDcnA4L3AFEo2iV7KyAtAAHFW9ftq1Fz+Vsgq80RQ==",
          "requires": {
            "lodash.camelcase": "^4.3.0",
            "long": "^5.0.0",
            "protobufjs": "^7.2.4",
            "yargs": "^17.7.2"
          }
        }
      }
    },
    "@grpc/proto-loader": {
      "version": "0.5.6",
      "resolved": "https://registry.npmjs.org/@grpc/proto-loader/-/proto-loader-0.5.6.tgz",
      "integrity": "sha512-DT14xgw3PSzPxwS13auTEwxhMMOoz33DPUKNtmYK/QYbBSpLXJy78FGGs5yVoxVobEqPm4iW9MOIoz0A3bLTRQ==",
      "requires": {
        "lodash.camelcase": "^4.3.0",
        "protobufjs": "^6.8.6"
      },
      "dependencies": {
        "long": {
          "version": "4.0.0",
          "resolved": "https://registry.npmjs.org/long/-/long-4.0.0.tgz",
          "integrity": "sha512-XsP+KhQif4bjX1kbuSiySJFNAehNxgLb6hPRGJ9QsUr8ajHkuXGdrHmFUTUUXhDwVX2R5bY4JNZEwbUiMhV+MA=="
        },
        "protobufjs": {
          "version": "6.11.4",
          "resolved": "https://registry.npmjs.org/protobufjs/-/protobufjs-6.11.4.tgz",
          "integrity": "sha512-5kQWPaJHi1WoCpjTGszzQ32PG2F4+wRY6BmAT4Vfw56Q2FZ4YZzK20xUYQH4YkfehY1e6QSICrJquM6xXZNcrw==",
          "requires": {
            "@protobufjs/aspromise": "^1.1.2",
            "@protobufjs/base64": "^1.1.2",
            "@protobufjs/codegen": "^2.0.4",
            "@protobufjs/eventemitter": "^1.1.0",
            "@protobufjs/fetch": "^1.1.0",
            "@protobufjs/float": "^1.0.2",
            "@protobufjs/inquire": "^1.1.0",
            "@protobufjs/path": "^1.1.2",
            "@protobufjs/pool": "^1.1.0",
            "@protobufjs/utf8": "^1.1.0",
            "@types/long": "^4.0.1",
            "@types/node": ">=13.7.0",
            "long": "^4.0.0"
          }
        }
      }
    },
    "@protobufjs/aspromise": {
      "version": "1.1.2",
      "resolved": "https://registry.npmjs.org/@protobufjs/aspromise/-/aspromise-1.1.2.tgz",
      "integrity": "sha512-j+gKExEuLmKwvz3OgROXtrJ2UG2x8Ch2YZUxahh+s1F2HZ+wAceUNLkvy6zKCPVRkU++ZWQrdxsUeQXmcg4uoQ=="
    },
    "@protobufjs/base64": {
      "version": "1.1.2",
      "resolved": "https://registry.npmjs.org/@protobufjs/base64/-/base64-1.1.2.tgz",
      "integrity": "sha512-AZkcAA5vnN/v4PDqKyMR5lx7hZttPDgClv83E//FMNhR2TMcLUhfRUBHCmSl0oi9zMgDDqRUJkSxO3wm85+XLg=="
    },
    "@protobufjs/codegen": {
      "version": "2.0.4",
      "resolved": "https://registry.npmjs.org/@protobufjs/codegen/-/codegen-2.0.4.tgz",
      "integrity": "sha512-YyFaikqM5sH0ziFZCN3xDC7zeGaB/d0IUb9CATugHWbd1FRFwWwt4ld4OYMPWu5a3Xe01mGAULCdqhMlPl29Jg=="
    },
    "@protobufjs/eventemitter": {
      "version": "1.1.0",
      "resolved": "https://registry.npmjs.org/@protobufjs/eventemitter/-/eventemitter-1.1.0.tgz",
      "integrity": "sha512-j9ednRT81vYJ9OfVuXG6ERSTdEL1xVsNgqpkxMsbIabzSo3goCjDIveeGv5d03om39ML71RdmrGNjG5SReBP/Q=="
    },
    "@protobufjs/fetch": {
      "version": "1.1.0",
      "resolved": "https://registry.npmjs.org/@protobufjs/fetch/-/fetch-1.1.0.tgz",
      "integrity": "sha512-lljVXpqXebpsijW71PZaCYeIcE5on1w5DlQy5WH6GLbFryLUrBD4932W/E2BSpfRJWseIL4v/KPgBFxDOIdKpQ==",
      "requires": {
        "@protobufjs/aspromise": "^1.1.1",
        "@protobufjs/inquire": "^1.1.0"
      }
    },
    "@protobufjs/float": {
      "version": "1.0.2",
      "resolved": "https://registry.npmjs.org/@protobufjs/float/-/float-1.0.2.tgz",
      "integrity": "sha512-Ddb+kVXlXst9d+R9PfTIxh1EdNkgoRe5tOX6t01f1lYWOvJnSPDBlG241QLzcyPdoNTsblLUdujGSE4RzrTZGQ=="
    },
    "@protobufjs/inquire": {
      "version": "1.1.0",
      "resolved": "https://registry.npmjs.org/@protobufjs/inquire/-/inquire-1.1.0.tgz",
      "integrity": "sha512-kdSefcPdruJiFMVSbn801t4vFK7KB/5gd2fYvrxhuJYg8ILrmn9SKSX2tZdV6V+ksulWqS7aXjBcRXl3wHoD9Q=="
    },
    "@protobufjs/path": {
      "version": "1.1.2",
      "resolved": "https://registry.npmjs.org/@protobufjs/path/-/path-1.1.2.tgz",
      "integrity": "sha512-6JOcJ5Tm08dOHAbdR3GrvP+yUUfkjG5ePsHYczMFLq3ZmMkAD98cDgcT2iA1lJ9NVwFd4tH/iSSoe44YWkltEA=="
    },
    "@protobufjs/pool": {
      "version": "1.1.0",
      "resolved": "https://registry.npmjs.org/@protobufjs/pool/-/pool-1.1.0.tgz",
      "integrity": "sha512-0kELaGSIDBKvcgS4zkjz1PeddatrjYcmMWOlAuAPwAeccUrPHdUqo/J6LiymHHEiJT5NrF1UVwxY14f+fy4WQw=="
    },
    "@protobufjs/utf8": {
      "version": "1.1.0",
      "resolved": "https://registry.npmjs.org/@protobufjs/utf8/-/utf8-1.1.0.tgz",
      "integrity": "sha512-Vvn3zZrhQZkkBE8LSuW3em98c0FwgO4nxzv6OdSxPKJIEKY2bGbHn+mhGIPerzI4twdxaP8/0+06HBpwf345Lw=="
    },
    "@types/long": {
      "version": "4.0.2",
      "resolved": "https://registry.npmjs.org/@types/long/-/long-4.0.2.tgz",
      "integrity": "sha512-MqTGEo5bj5t157U6fA/BiDynNkn0YknVdh48CMPkTSpFTVmvao5UQmm7uEF6xBEo7qIMAlY/JSleYaE6VOdpaA=="
    },
    "@types/node": {
      "version": "20.8.10",
      "resolved": "https://registry.npmjs.org/@types/node/-/node-20.8.10.tgz",
      "integrity": "sha512-TlgT8JntpcbmKUFzjhsyhGfP2fsiz1Mv56im6enJ905xG1DAYesxJaeSbGqQmAw8OWPdhyJGhGSQGKRNJ45u9w==",
      "requires": {
        "undici-types": "~5.26.4"
      }
    },
    "agent-base": {
      "version": "4.3.0",
      "resolved": "https://registry.npmjs.org/agent-base/-/agent-base-4.3.0.tgz",
      "integrity": "sha512-salcGninV0nPrwpGNn4VTXBb1SOuXQBiqbrNXoeizJsHrsL6ERFM2Ne3JUSBWRE6aeNJI2ROP/WEEIDUiDe3cg==",
      "requires": {
        "es6-promisify": "^5.0.0"
      }
    },
    "ansi-regex": {
      "version": "5.0.1",
      "resolved": "https://registry.npmjs.org/ansi-regex/-/ansi-regex-5.0.1.tgz",
      "integrity": "sha512-quJQXlTSUGL2LH9SUXo8VwsY4soanhgo6LNSm84E1LBcE8s3O0wpdiRzyR9z/ZZJMlMWv37qOOb9pdJlMUEKFQ=="
    },
    "ansi-styles": {
      "version": "4.3.0",
      "resolved": "https://registry.npmjs.org/ansi-styles/-/ansi-styles-4.3.0.tgz",
      "integrity": "sha512-zbB9rCJAT1rbjiVDb2hqKFHNYLxgtk8NURxZ3IZwD3F6NtxbXZQCnnSi1Lkx+IDohdPlFp222wVALIheZJQSEg==",
      "requires": {
        "color-convert": "^2.0.1"
      }
    },
    "async-limiter": {
      "version": "1.0.1",
      "resolved": "https://registry.npmjs.org/async-limiter/-/async-limiter-1.0.1.tgz",
      "integrity": "sha512-csOlWGAcRFJaI6m+F2WKdnMKr4HhdhFVBk0H/QbJFMCr+uO2kwohwXQPxw/9OCxp05r5ghVBFSyioixx3gfkNQ=="
    },
    "balanced-match": {
      "version": "1.0.2",
      "resolved": "https://registry.npmjs.org/balanced-match/-/balanced-match-1.0.2.tgz",
      "integrity": "sha512-3oSeUO0TMV67hN1AmbXsK4yaqU7tjiHlbxRDZOpH0KW9+CeX4bRAaX0Anxt0tx2MrpRpWwQaPwIlISEJhYU5Pw=="
    },
    "brace-expansion": {
      "version": "1.1.11",
      "resolved": "https://registry.npmjs.org/brace-expansion/-/brace-expansion-1.1.11.tgz",
      "integrity": "sha512-iCuPHDFgrHX7H2vEI/5xpz07zSHB00TpugqhmYtVmMO6518mCuRMoOYFldEBl0g187ufozdaHgWKcYFb61qGiA==",
      "requires": {
        "balanced-match": "^1.0.0",
        "concat-map": "0.0.1"
      }
    },
    "buffer-crc32": {
      "version": "0.2.13",
      "resolved": "https://registry.npmjs.org/buffer-crc32/-/buffer-crc32-0.2.13.tgz",
      "integrity": "sha512-VO9Ht/+p3SN7SKWqcrgEzjGbRSJYTx+Q1pTQC0wrWqHx0vpJraQ6GtHx8tvcg1rlK1byhU5gccxgOgj7B0TDkQ=="
    },
    "buffer-from": {
      "version": "1.1.2",
      "resolved": "https://registry.npmjs.org/buffer-from/-/buffer-from-1.1.2.tgz",
      "integrity": "sha512-E+XQCRwSbaaiChtv6k6Dwgc+bx+Bs6vuKJHHl5kox/BaKbhiXzqQOwK4cO22yElGp2OCmjwVhT3HmxgyPGnJfQ=="
    },
    "cliui": {
      "version": "8.0.1",
      "resolved": "https://registry.npmjs.org/cliui/-/cliui-8.0.1.tgz",
      "integrity": "sha512-BSeNnyus75C4//NQ9gQt1/csTXyo/8Sb+afLAkzAptFuMsod9HFokGNudZpi/oQV73hnVK+sR+5PVRMd+Dr7YQ==",
      "requires": {
        "string-width": "^4.2.0",
        "strip-ansi": "^6.0.1",
        "wrap-ansi": "^7.0.0"
      }
    },
    "color-convert": {
      "version": "2.0.1",
      "resolved": "https://registry.npmjs.org/color-convert/-/color-convert-2.0.1.tgz",
      "integrity": "sha512-RRECPsj7iu/xb5oKYcsFHSppFNnsj/52OVTRKb4zP5onXwVF3zVmmToNcOfGC+CRDpfK/U584fMg38ZHCaElKQ==",
      "requires": {
        "color-name": "~1.1.4"
      }
    },
    "color-name": {
      "version": "1.1.4",
      "resolved": "https://registry.npmjs.org/color-name/-/color-name-1.1.4.tgz",
      "integrity": "sha512-dOy+3AuW3a2wNbZHIuMZpTcgjGuLU/uBL/ubcZF9OXbDo8ff4O8yVp5Bf0efS8uEoYo5q4Fx7dY9OgQGXgAsQA=="
    },
    "concat-map": {
      "version": "0.0.1",
      "resolved": "https://registry.npmjs.org/concat-map/-/concat-map-0.0.1.tgz",
      "integrity": "sha512-/Srv4dswyQNBfohGpz9o6Yb3Gz3SrUDqBH5rTuhGR7ahtlbYKnVxw2bCFMRljaA7EXHaXZ8wsHdodFvbkhKmqg=="
    },
    "concat-stream": {
      "version": "1.6.2",
      "resolved": "https://registry.npmjs.org/concat-stream/-/concat-stream-1.6.2.tgz",
      "integrity": "sha512-27HBghJxjiZtIk3Ycvn/4kbJk/1uZuJFfuPEns6LaEvpvG1f0hTea8lilrouyo9mVc2GWdcEZ8OLoGmSADlrCw==",
      "requires": {
        "buffer-from": "^1.0.0",
        "inherits": "^2.0.3",
        "readable-stream": "^2.2.2",
        "typedarray": "^0.0.6"
      }
    },
    "core-js": {
      "version": "3.6.5",
      "resolved": "https://registry.npmjs.org/core-js/-/core-js-3.6.5.tgz",
      "integrity": "sha512-vZVEEwZoIsI+vPEuoF9Iqf5H7/M3eeQqWlQnYa8FSKKePuYTf5MWnxb5SDAzCa60b3JBRS5g9b+Dq7b1y/RCrA=="
    },
    "core-util-is": {
      "version": "1.0.3",
      "resolved": "https://registry.npmjs.org/core-util-is/-/core-util-is-1.0.3.tgz",
      "integrity": "sha512-ZQBvi1DcpJ4GDqanjucZ2Hj3wEO5pZDS89BWbkcrvdxksJorwUDDZamX9ldFkp9aw2lmBDLgkObEA4DWNJ9FYQ=="
    },
    "debug": {
      "version": "4.3.4",
      "resolved": "https://registry.npmjs.org/debug/-/debug-4.3.4.tgz",
      "integrity": "sha512-PRWFHuSU3eDtQJPvnNY7Jcket1j0t5OuOsFzPPzsekD52Zl8qUfFIPEiswXqIvHWGVHOgX+7G/vCNNhehwxfkQ==",
      "requires": {
        "ms": "2.1.2"
      }
    },
    "dom-storage": {
      "version": "2.1.0",
      "resolved": "https://registry.npmjs.org/dom-storage/-/dom-storage-2.1.0.tgz",
      "integrity": "sha512-g6RpyWXzl0RR6OTElHKBl7nwnK87GUyZMYC7JWsB/IA73vpqK2K6LT39x4VepLxlSsWBFrPVLnsSR5Jyty0+2Q=="
    },
    "emoji-regex": {
      "version": "8.0.0",
      "resolved": "https://registry.npmjs.org/emoji-regex/-/emoji-regex-8.0.0.tgz",
      "integrity": "sha512-MSjYzcWNOA0ewAHpz0MxpYFvwg6yjy1NG3xteoqz644VCo/RPgnr1/GGt+ic3iJTzQ8Eu3TdM14SawnVUmGE6A=="
    },
    "es6-promise": {
      "version": "4.2.8",
      "resolved": "https://registry.npmjs.org/es6-promise/-/es6-promise-4.2.8.tgz",
      "integrity": "sha512-HJDGx5daxeIvxdBxvG2cb9g4tEvwIk3i8+nhX0yGrYmZUzbkdg8QbDevheDB8gd0//uPj4c1EQua8Q+MViT0/w=="
    },
    "es6-promisify": {
      "version": "5.0.0",
      "resolved": "https://registry.npmjs.org/es6-promisify/-/es6-promisify-5.0.0.tgz",
      "integrity": "sha512-C+d6UdsYDk0lMebHNR4S2NybQMMngAOnOwYBQjTOiv0MkoJMP0Myw2mgpDLBcpfCmRLxyFqYhS/CfOENq4SJhQ==",
      "requires": {
        "es6-promise": "^4.0.3"
      }
    },
    "escalade": {
      "version": "3.1.1",
      "resolved": "https://registry.npmjs.org/escalade/-/escalade-3.1.1.tgz",
      "integrity": "sha512-k0er2gUkLf8O0zKJiAhmkTnJlTvINGv7ygDNPbeIsX/TJjGJZHuh9B2UxbsaEkmlEo9MfhrSzmhIlhRlI2GXnw=="
    },
    "extract-zip": {
      "version": "1.7.0",
      "resolved": "https://registry.npmjs.org/extract-zip/-/extract-zip-1.7.0.tgz",
      "integrity": "sha512-xoh5G1W/PB0/27lXgMQyIhP5DSY/LhoCsOyZgb+6iMmRtCwVBo55uKaMoEYrDCKQhWvqEip5ZPKAc6eFNyf/MA==",
      "requires": {
        "concat-stream": "^1.6.2",
        "debug": "^2.6.9",
        "mkdirp": "^0.5.4",
        "yauzl": "^2.10.0"
      },
      "dependencies": {
        "debug": {
          "version": "2.6.9",
          "resolved": "https://registry.npmjs.org/debug/-/debug-2.6.9.tgz",
          "integrity": "sha512-bC7ElrdJaJnPbAP+1EotYvqZsb3ecl5wi6Bfi6BJTUcNowp6cvspg0jXznRTKDjm/E7AdgFBVeAPVMNcKGsHMA==",
          "requires": {
            "ms": "2.0.0"
          }
        },
        "ms": {
          "version": "2.0.0",
          "resolved": "https://registry.npmjs.org/ms/-/ms-2.0.0.tgz",
          "integrity": "sha512-Tpp60P6IUJDTuOq/5Z8cdskzJujfwqfOTkrwIwj7IRISpnkJnT6SyJ4PCPnGMoFjC9ddhal5KVIYtAt97ix05A=="
        }
      }
    },
    "faker": {
      "version": "4.1.0",
      "resolved": "https://registry.npmjs.org/faker/-/faker-4.1.0.tgz",
      "integrity": "sha512-ILKg69P6y/D8/wSmDXw35Ly0re8QzQ8pMfBCflsGiZG2ZjMUNLYNexA6lz5pkmJlepVdsiDFUxYAzPQ9/+iGLA=="
    },
    "faye-websocket": {
      "version": "0.11.3",
      "resolved": "https://registry.npmjs.org/faye-websocket/-/faye-websocket-0.11.3.tgz",
      "integrity": "sha512-D2y4bovYpzziGgbHYtGCMjlJM36vAl/y+xUyn1C+FVx8szd1E+86KwVw6XvYSzOP8iMpm1X0I4xJD+QtUb36OA==",
      "requires": {
        "websocket-driver": ">=0.5.1"
      }
    },
    "fd-slicer": {
      "version": "1.1.0",
      "resolved": "https://registry.npmjs.org/fd-slicer/-/fd-slicer-1.1.0.tgz",
      "integrity": "sha512-cE1qsB/VwyQozZ+q1dGxR8LBYNZeofhEdUNGSMbQD3Gw2lAzX9Zb3uIU6Ebc/Fmyjo9AWWfnn0AUCHqtevs/8g==",
      "requires": {
        "pend": "~1.2.0"
      }
    },
    "firebase": {
      "version": "7.24.0",
      "resolved": "https://registry.npmjs.org/firebase/-/firebase-7.24.0.tgz",
      "integrity": "sha512-j6jIyGFFBlwWAmrlUg9HyQ/x+YpsPkc/TTkbTyeLwwAJrpAmmEHNPT6O9xtAnMV4g7d3RqLL/u9//aZlbY4rQA==",
      "requires": {
        "@firebase/analytics": "0.6.0",
        "@firebase/app": "0.6.11",
        "@firebase/app-types": "0.6.1",
        "@firebase/auth": "0.15.0",
        "@firebase/database": "0.6.13",
        "@firebase/firestore": "1.18.0",
        "@firebase/functions": "0.5.1",
        "@firebase/installations": "0.4.17",
        "@firebase/messaging": "0.7.1",
        "@firebase/performance": "0.4.2",
        "@firebase/polyfill": "0.3.36",
        "@firebase/remote-config": "0.1.28",
        "@firebase/storage": "0.3.43",
        "@firebase/util": "0.3.2"
      }
    },
    "fs.realpath": {
      "version": "1.0.0",
      "resolved": "https://registry.npmjs.org/fs.realpath/-/fs.realpath-1.0.0.tgz",
      "integrity": "sha512-OO0pH2lK6a0hZnAdau5ItzHPI6pUlvI7jMVnxUQRtw4owF2wk8lOSabtGDCTP4Ggrg2MbGnWO9X8K1t4+fGMDw=="
    },
    "get-caller-file": {
      "version": "2.0.5",
      "resolved": "https://registry.npmjs.org/get-caller-file/-/get-caller-file-2.0.5.tgz",
      "integrity": "sha512-DyFP3BM/3YHTQOCUL/w0OZHR0lpKeGrxotcHWcqNEdnltqFwXVfhEBQ94eIo34AfQpo0rGki4cyIiftY06h2Fg=="
    },
    "glob": {
      "version": "7.2.3",
      "resolved": "https://registry.npmjs.org/glob/-/glob-7.2.3.tgz",
      "integrity": "sha512-nFR0zLpU2YCaRxwoCJvL6UvCH2JFyFVIvwTLsIf21AuHlMskA1hhTdk+LlYJtOlYt9v6dvszD2BGRqBL+iQK9Q==",
      "requires": {
        "fs.realpath": "^1.0.0",
        "inflight": "^1.0.4",
        "inherits": "2",
        "minimatch": "^3.1.1",
        "once": "^1.3.0",
        "path-is-absolute": "^1.0.0"
      }
    },
    "he": {
      "version": "1.2.0",
      "resolved": "https://registry.npmjs.org/he/-/he-1.2.0.tgz",
      "integrity": "sha512-F/1DnUGPopORZi0ni+CvrCgHQ5FyEAHRLSApuYWMmrbSwoN2Mn/7k+Gl38gJnR7yyDZk6WLXwiGod1JOWNDKGw=="
    },
    "http-parser-js": {
      "version": "0.5.8",
      "resolved": "https://registry.npmjs.org/http-parser-js/-/http-parser-js-0.5.8.tgz",
      "integrity": "sha512-SGeBX54F94Wgu5RH3X5jsDtf4eHyRogWX1XGT3b4HuW3tQPM4AaBzoUji/4AAJNXCEOWZ5O0DgZmJw1947gD5Q=="
    },
    "https-proxy-agent": {
      "version": "3.0.1",
      "resolved": "https://registry.npmjs.org/https-proxy-agent/-/https-proxy-agent-3.0.1.tgz",
      "integrity": "sha512-+ML2Rbh6DAuee7d07tYGEKOEi2voWPUGan+ExdPbPW6Z3svq+JCqr0v8WmKPOkz1vOVykPCBSuobe7G8GJUtVg==",
      "requires": {
        "agent-base": "^4.3.0",
        "debug": "^3.1.0"
      },
      "dependencies": {
        "debug": {
          "version": "3.2.7",
          "resolved": "https://registry.npmjs.org/debug/-/debug-3.2.7.tgz",
          "integrity": "sha512-CFjzYYAi4ThfiQvizrFQevTTXHtnCqWfe7x1AhgEscTz6ZbLbfoLRLPugTQyBth6f8ZERVUSyWHFD/7Wu4t1XQ==",
          "requires": {
            "ms": "^2.1.1"
          }
        }
      }
    },
    "idb": {
      "version": "3.0.2",
      "resolved": "https://registry.npmjs.org/idb/-/idb-3.0.2.tgz",
      "integrity": "sha512-+FLa/0sTXqyux0o6C+i2lOR0VoS60LU/jzUo5xjfY6+7sEEgy4Gz1O7yFBXvjd7N0NyIGWIRg8DcQSLEG+VSPw=="
    },
    "inflight": {
      "version": "1.0.6",
      "resolved": "https://registry.npmjs.org/inflight/-/inflight-1.0.6.tgz",
      "integrity": "sha512-k92I/b08q4wvFscXCLvqfsHCrjrF7yiXsQuIVvVE7N82W3+aqpzuUdBbfhWcy/FZR3/4IgflMgKLOsvPDrGCJA==",
      "requires": {
        "once": "^1.3.0",
        "wrappy": "1"
      }
    },
    "inherits": {
      "version": "2.0.4",
      "resolved": "https://registry.npmjs.org/inherits/-/inherits-2.0.4.tgz",
      "integrity": "sha512-k/vGaX4/Yla3WzyMCvTQOXYeIHvqOKtnqBduzTHpzpQZzAskKMhZ2K+EnBiSM9zGSoIFeMpXKxa4dYeZIQqewQ=="
    },
    "is-fullwidth-code-point": {
      "version": "3.0.0",
      "resolved": "https://registry.npmjs.org/is-fullwidth-code-point/-/is-fullwidth-code-point-3.0.0.tgz",
      "integrity": "sha512-zymm5+u+sCsSWyD9qNaejV3DFvhCKclKdizYaJUuHA83RLjb7nSuGnddCHGv0hk+KY7BMAlsWeK4Ueg6EV6XQg=="
    },
    "isarray": {
      "version": "1.0.0",
      "resolved": "https://registry.npmjs.org/isarray/-/isarray-1.0.0.tgz",
      "integrity": "sha512-VLghIWNM6ELQzo7zwmcg0NmTVyWKYjvIeM83yjp0wRDTmUnrM678fQbcKBo6n2CJEF0szoG//ytg+TKla89ALQ=="
    },
    "jpeg-js": {
      "version": "0.3.7",
      "resolved": "https://registry.npmjs.org/jpeg-js/-/jpeg-js-0.3.7.tgz",
      "integrity": "sha512-9IXdWudL61npZjvLuVe/ktHiA41iE8qFyLB+4VDTblEsWBzeg8WQTlktdUK4CdncUqtUgUg0bbOmTE2bKBKaBQ=="
    },
    "lodash.camelcase": {
      "version": "4.3.0",
      "resolved": "https://registry.npmjs.org/lodash.camelcase/-/lodash.camelcase-4.3.0.tgz",
      "integrity": "sha512-TwuEnCnxbc3rAvhf/LbG7tJUDzhqXyFnv3dtzLOPgCG/hODL7WFnsbwktkD7yUV0RrreP/l1PALq/YSg6VvjlA=="
    },
    "long": {
      "version": "5.2.3",
      "resolved": "https://registry.npmjs.org/long/-/long-5.2.3.tgz",
      "integrity": "sha512-lcHwpNoggQTObv5apGNCTdJrO69eHOZMi4BNC+rTLER8iHAqGrUVeLh/irVIM7zTw2bOXA8T6uNPeujwOLg/2Q=="
    },
    "minimatch": {
      "version": "3.1.2",
      "resolved": "https://registry.npmjs.org/minimatch/-/minimatch-3.1.2.tgz",
      "integrity": "sha512-J7p63hRiAjw1NDEww1W7i37+ByIrOWO5XQQAzZ3VOcL0PNybwpfmV/N05zFAzwQ9USyEcX6t3UO+K5aqBQOIHw==",
      "requires": {
        "brace-expansion": "^1.1.7"
      }
    },
    "minimist": {
      "version": "1.2.8",
      "resolved": "https://registry.npmjs.org/minimist/-/minimist-1.2.8.tgz",
      "integrity": "sha512-2yyAR8qBkN3YuheJanUpWC5U3bb5osDywNB8RzDVlDwDHbocAJveqqj1u8+SVD7jkWT4yvsHCpWqqWqAxb0zCA=="
    },
    "mkdirp": {
      "version": "0.5.6",
      "resolved": "https://registry.npmjs.org/mkdirp/-/mkdirp-0.5.6.tgz",
      "integrity": "sha512-FP+p8RB8OWpF3YZBCrP5gtADmtXApB5AMLn+vdyA+PyxCjrCs00mjyUozssO33cwDeT3wNGdLxJ5M//YqtHAJw==",
      "requires": {
        "minimist": "^1.2.6"
      }
    },
    "ms": {
      "version": "2.1.2",
      "resolved": "https://registry.npmjs.org/ms/-/ms-2.1.2.tgz",
      "integrity": "sha512-sGkPx+VjMtmA6MX27oA4FBFELFCZZ4S4XqeGOXCv68tT+jb3vk/RyaKWP0PTKyWtmLSM0b+adUTEvbs1PEaH2w=="
    },
    "node-fetch": {
      "version": "2.6.1",
      "resolved": "https://registry.npmjs.org/node-fetch/-/node-fetch-2.6.1.tgz",
      "integrity": "sha512-V4aYg89jEoVRxRb2fJdAg8FHvI7cEyYdVAh94HH0UIK8oJxUfkjlDQN9RbMx+bEjP7+ggMiFRprSti032Oipxw=="
    },
    "node-html-parser": {
      "version": "1.4.9",
      "resolved": "https://registry.npmjs.org/node-html-parser/-/node-html-parser-1.4.9.tgz",
      "integrity": "sha512-UVcirFD1Bn0O+TSmloHeHqZZCxHjvtIeGdVdGMhyZ8/PWlEiZaZ5iJzR189yKZr8p0FXN58BUeC7RHRkf/KYGw==",
      "requires": {
        "he": "1.2.0"
      }
    },
    "once": {
      "version": "1.4.0",
      "resolved": "https://registry.npmjs.org/once/-/once-1.4.0.tgz",
      "integrity": "sha512-lNaJgI+2Q5URQBkccEKHTQOPaXdUxnZZElQTZY0MFUAuaEqe1E+Nyvgdz/aIyNi6Z9MzO5dv1H8n58/GELp3+w==",
      "requires": {
        "wrappy": "1"
      }
    },
    "path-is-absolute": {
      "version": "1.0.1",
      "resolved": "https://registry.npmjs.org/path-is-absolute/-/path-is-absolute-1.0.1.tgz",
      "integrity": "sha512-AVbw3UJ2e9bq64vSaS9Am0fje1Pa8pbGqTTsmXfaIiMpnr5DlDhfJOuLj9Sf95ZPVDAUerDfEk88MPmPe7UCQg=="
    },
    "pend": {
      "version": "1.2.0",
      "resolved": "https://registry.npmjs.org/pend/-/pend-1.2.0.tgz",
      "integrity": "sha512-F3asv42UuXchdzt+xXqfW1OGlVBe+mxa2mqI0pg5yAHZPvFmY3Y6drSf/GQ1A86WgWEN9Kzh/WrgKa6iGcHXLg=="
    },
    "playwright": {
      "version": "0.11.1",
      "resolved": "https://registry.npmjs.org/playwright/-/playwright-0.11.1.tgz",
      "integrity": "sha512-Sx/WCb88u6Q73klQKGjGY2PJSbUl7JAHIie3mFGTpXPPo79cmMzVJl2e07v/qO3VGFd13bF4z8vMt2UVPc/ygQ==",
      "requires": {
        "playwright-core": "=0.11.1"
      }
    },
    "playwright-core": {
      "version": "0.11.1",
      "resolved": "https://registry.npmjs.org/playwright-core/-/playwright-core-0.11.1.tgz",
      "integrity": "sha512-9xsSkXlglvHIAofyNInA1p3beOAOBMWHZgiuH99gX1R8VL6fTXgfWD7pIvt+rJhVMJWMDAyMXRo4TYtYtdspIg==",
      "requires": {
        "debug": "^4.1.0",
        "extract-zip": "^1.6.6",
        "https-proxy-agent": "^3.0.0",
        "jpeg-js": "^0.3.6",
        "pngjs": "^3.4.0",
        "progress": "^2.0.3",
        "proxy-from-env": "^1.0.0",
        "rimraf": "^3.0.2",
        "uuid": "^3.4.0",
        "ws": "^6.1.0"
      }
    },
    "pngjs": {
      "version": "3.4.0",
      "resolved": "https://registry.npmjs.org/pngjs/-/pngjs-3.4.0.tgz",
      "integrity": "sha512-NCrCHhWmnQklfH4MtJMRjZ2a8c80qXeMlQMv2uVp9ISJMTt562SbGd6n2oq0PaPgKm7Z6pL9E2UlLIhC+SHL3w=="
    },
    "process-nextick-args": {
      "version": "2.0.1",
      "resolved": "https://registry.npmjs.org/process-nextick-args/-/process-nextick-args-2.0.1.tgz",
      "integrity": "sha512-3ouUOpQhtgrbOa17J7+uxOTpITYWaGP7/AhoR3+A+/1e9skrzelGi/dXzEYyvbxubEF6Wn2ypscTKiKJFFn1ag=="
    },
    "progress": {
      "version": "2.0.3",
      "resolved": "https://registry.npmjs.org/progress/-/progress-2.0.3.tgz",
      "integrity": "sha512-7PiHtLll5LdnKIMw100I+8xJXR5gW2QwWYkT6iJva0bXitZKa/XMrSbdmg3r2Xnaidz9Qumd0VPaMrZlF9V9sA=="
    },
    "promise-polyfill": {
      "version": "8.1.3",
      "resolved": "https://registry.npmjs.org/promise-polyfill/-/promise-polyfill-8.1.3.tgz",
      "integrity": "sha512-MG5r82wBzh7pSKDRa9y+vllNHz3e3d4CNj1PQE4BQYxLme0gKYYBm9YENq+UkEikyZ0XbiGWxYlVw3Rl9O/U8g=="
    },
    "protobufjs": {
      "version": "7.2.5",
      "resolved": "https://registry.npmjs.org/protobufjs/-/protobufjs-7.2.5.tgz",
      "integrity": "sha512-gGXRSXvxQ7UiPgfw8gevrfRWcTlSbOFg+p/N+JVJEK5VhueL2miT6qTymqAmjr1Q5WbOCyJbyrk6JfWKwlFn6A==",
      "requires": {
        "@protobufjs/aspromise": "^1.1.2",
        "@protobufjs/base64": "^1.1.2",
        "@protobufjs/codegen": "^2.0.4",
        "@protobufjs/eventemitter": "^1.1.0",
        "@protobufjs/fetch": "^1.1.0",
        "@protobufjs/float": "^1.0.2",
        "@protobufjs/inquire": "^1.1.0",
        "@protobufjs/path": "^1.1.2",
        "@protobufjs/pool": "^1.1.0",
        "@protobufjs/utf8": "^1.1.0",
        "@types/node": ">=13.7.0",
        "long": "^5.0.0"
      }
    },
    "proxy-from-env": {
      "version": "1.1.0",
      "resolved": "https://registry.npmjs.org/proxy-from-env/-/proxy-from-env-1.1.0.tgz",
      "integrity": "sha512-D+zkORCbA9f1tdWRK0RaCR3GPv50cMxcrz4X8k5LTSUD1Dkw47mKJEZQNunItRTkWwgtaUSo1RVFRIG9ZXiFYg=="
    },
    "readable-stream": {
      "version": "2.3.8",
      "resolved": "https://registry.npmjs.org/readable-stream/-/readable-stream-2.3.8.tgz",
      "integrity": "sha512-8p0AUk4XODgIewSi0l8Epjs+EVnWiK7NoDIEGU0HhE7+ZyY8D1IMY7odu5lRrFXGg71L15KG8QrPmum45RTtdA==",
      "requires": {
        "core-util-is": "~1.0.0",
        "inherits": "~2.0.3",
        "isarray": "~1.0.0",
        "process-nextick-args": "~2.0.0",
        "safe-buffer": "~5.1.1",
        "string_decoder": "~1.1.1",
        "util-deprecate": "~1.0.1"
      },
      "dependencies": {
        "safe-buffer": {
          "version": "5.1.2",
          "resolved": "https://registry.npmjs.org/safe-buffer/-/safe-buffer-5.1.2.tgz",
          "integrity": "sha512-Gd2UZBJDkXlY7GbJxfsE8/nvKkUEU1G38c1siN6QP6a9PT9MmHB8GnpscSmMJSoF8LOIrt8ud/wPtojys4G6+g=="
        }
      }
    },
    "require-directory": {
      "version": "2.1.1",
      "resolved": "https://registry.npmjs.org/require-directory/-/require-directory-2.1.1.tgz",
      "integrity": "sha512-fGxEI7+wsG9xrvdjsrlmL22OMTTiHRwAMroiEeMgq8gzoLC/PQr7RsRDSTLUg/bZAZtF+TVIkHc6/4RIKrui+Q=="
    },
    "rimraf": {
      "version": "3.0.2",
      "resolved": "https://registry.npmjs.org/rimraf/-/rimraf-3.0.2.tgz",
      "integrity": "sha512-JZkJMZkAGFFPP2YqXZXPbMlMBgsxzE8ILs4lMIX/2o0L9UBw9O/Y3o6wFw/i9YLapcUJWwqbi3kdxIPdC62TIA==",
      "requires": {
        "glob": "^7.1.3"
      }
    },
    "safe-buffer": {
      "version": "5.2.1",
      "resolved": "https://registry.npmjs.org/safe-buffer/-/safe-buffer-5.2.1.tgz",
      "integrity": "sha512-rp3So07KcdmmKbGvgaNxQSJr7bGVSVk5S9Eq1F+ppbRo70+YeaDxkw5Dd8NPN+GD6bjnYm2VuPuCXmpuYvmCXQ=="
    },
    "string-width": {
      "version": "4.2.3",
      "resolved": "https://registry.npmjs.org/string-width/-/string-width-4.2.3.tgz",
      "integrity": "sha512-wKyQRQpjJ0sIp62ErSZdGsjMJWsap5oRNihHhu6G7JVO/9jIB6UyevL+tXuOqrng8j/cxKTWyWUwvSTriiZz/g==",
      "requires": {
        "emoji-regex": "^8.0.0",
        "is-fullwidth-code-point": "^3.0.0",
        "strip-ansi": "^6.0.1"
      }
    },
    "string_decoder": {
      "version": "1.1.1",
      "resolved": "https://registry.npmjs.org/string_decoder/-/string_decoder-1.1.1.tgz",
      "integrity": "sha512-n/ShnvDi6FHbbVfviro+WojiFzv+s8MPMHBczVePfUpDJLwoLT0ht1l4YwBCbi8pJAveEEdnkHyPyTP/mzRfwg==",
      "requires": {
        "safe-buffer": "~5.1.0"
      },
      "dependencies": {
        "safe-buffer": {
          "version": "5.1.2",
          "resolved": "https://registry.npmjs.org/safe-buffer/-/safe-buffer-5.1.2.tgz",
          "integrity": "sha512-Gd2UZBJDkXlY7GbJxfsE8/nvKkUEU1G38c1siN6QP6a9PT9MmHB8GnpscSmMJSoF8LOIrt8ud/wPtojys4G6+g=="
        }
      }
    },
    "strip-ansi": {
      "version": "6.0.1",
      "resolved": "https://registry.npmjs.org/strip-ansi/-/strip-ansi-6.0.1.tgz",
      "integrity": "sha512-Y38VPSHcqkFrCpFnQ9vuSXmquuv5oXOKpGeT6aGrr3o3Gc9AlVa6JBfUSOCnbxGGZF+/0ooI7KrPuUSztUdU5A==",
      "requires": {
        "ansi-regex": "^5.0.1"
      }
    },
    "tslib": {
      "version": "1.14.1",
      "resolved": "https://registry.npmjs.org/tslib/-/tslib-1.14.1.tgz",
      "integrity": "sha512-Xni35NKzjgMrwevysHTCArtLDpPvye8zV/0E4EyYn43P7/7qvQwPh9BGkHewbMulVntbigmcT7rdX3BNo9wRJg=="
    },
    "typedarray": {
      "version": "0.0.6",
      "resolved": "https://registry.npmjs.org/typedarray/-/typedarray-0.0.6.tgz",
      "integrity": "sha512-/aCDEGatGvZ2BIk+HmLf4ifCJFwvKFNb9/JeZPMulfgFracn9QFcAf5GO8B/mweUjSoblS5In0cWhqpfs/5PQA=="
    },
    "undici-types": {
      "version": "5.26.5",
      "resolved": "https://registry.npmjs.org/undici-types/-/undici-types-5.26.5.tgz",
      "integrity": "sha512-JlCMO+ehdEIKqlFxk6IfVoAUVmgz7cU7zD/h9XZ0qzeosSHmUJVOzSQvvYSYWXkFXC+IfLKSIffhv0sVZup6pA=="
    },
    "util-deprecate": {
      "version": "1.0.2",
      "resolved": "https://registry.npmjs.org/util-deprecate/-/util-deprecate-1.0.2.tgz",
      "integrity": "sha512-EPD5q1uXyFxJpCrLnCc1nHnq3gOa6DZBocAIiI2TaSCA7VCJ1UJDMagCzIkXNsUYfD1daK//LTEQ8xiIbrHtcw=="
    },
    "uuid": {
      "version": "3.4.0",
      "resolved": "https://registry.npmjs.org/uuid/-/uuid-3.4.0.tgz",
      "integrity": "sha512-HjSDRw6gZE5JMggctHBcjVak08+KEVhSIiDzFnT9S9aegmp85S/bReBVTb4QTFaRNptJ9kuYaNhnbNEOkbKb/A=="
    },
    "websocket-driver": {
      "version": "0.7.4",
      "resolved": "https://registry.npmjs.org/websocket-driver/-/websocket-driver-0.7.4.tgz",
      "integrity": "sha512-b17KeDIQVjvb0ssuSDF2cYXSg2iztliJ4B9WdsuB6J952qCPKmnVq4DyW5motImXHDC1cBT/1UezrJVsKw5zjg==",
      "requires": {
        "http-parser-js": ">=0.5.1",
        "safe-buffer": ">=5.1.0",
        "websocket-extensions": ">=0.1.1"
      }
    },
    "websocket-extensions": {
      "version": "0.1.4",
      "resolved": "https://registry.npmjs.org/websocket-extensions/-/websocket-extensions-0.1.4.tgz",
      "integrity": "sha512-OqedPIGOfsDlo31UNwYbCFMSaO9m9G/0faIHj5/dZFDMFqPTcx6UwqyOy3COEaEOg/9VsGIpdqn62W5KhoKSpg=="
    },
    "whatwg-fetch": {
      "version": "2.0.4",
      "resolved": "https://registry.npmjs.org/whatwg-fetch/-/whatwg-fetch-2.0.4.tgz",
      "integrity": "sha512-dcQ1GWpOD/eEQ97k66aiEVpNnapVj90/+R+SXTPYGHpYBBypfKJEQjLrvMZ7YXbKm21gXd4NcuxUTjiv1YtLng=="
    },
    "wrap-ansi": {
      "version": "7.0.0",
      "resolved": "https://registry.npmjs.org/wrap-ansi/-/wrap-ansi-7.0.0.tgz",
      "integrity": "sha512-YVGIj2kamLSTxw6NsZjoBxfSwsn0ycdesmc4p+Q21c5zPuZ1pl+NfxVdxPtdHvmNVOQ6XSYG4AUtyt/Fi7D16Q==",
      "requires": {
        "ansi-styles": "^4.0.0",
        "string-width": "^4.1.0",
        "strip-ansi": "^6.0.0"
      }
    },
    "wrappy": {
      "version": "1.0.2",
      "resolved": "https://registry.npmjs.org/wrappy/-/wrappy-1.0.2.tgz",
      "integrity": "sha512-l4Sp/DRseor9wL6EvV2+TuQn63dMkPjZ/sp9XkghTEbV9KlPS1xUsZ3u7/IQO4wxtcFB4bgpQPRcR3QCvezPcQ=="
    },
    "ws": {
      "version": "6.2.2",
      "resolved": "https://registry.npmjs.org/ws/-/ws-6.2.2.tgz",
      "integrity": "sha512-zmhltoSR8u1cnDsD43TX59mzoMZsLKqUweyYBAIvTngR3shc0W6aOZylZmq/7hqyVxPdi+5Ud2QInblgyE72fw==",
      "requires": {
        "async-limiter": "~1.0.0"
      }
    },
    "xmlhttprequest": {
      "version": "1.8.0",
      "resolved": "https://registry.npmjs.org/xmlhttprequest/-/xmlhttprequest-1.8.0.tgz",
      "integrity": "sha512-58Im/U0mlVBLM38NdZjHyhuMtCqa61469k2YP/AaPbvCoV9aQGUpbJBj1QRm2ytRiVQBD/fsw7L2bJGDVQswBA=="
    },
    "y18n": {
      "version": "5.0.8",
      "resolved": "https://registry.npmjs.org/y18n/-/y18n-5.0.8.tgz",
      "integrity": "sha512-0pfFzegeDWJHJIAmTLRP2DwHjdF5s7jo9tuztdQxAhINCdvS+3nGINqPd00AphqJR/0LhANUS6/+7SCb98YOfA=="
    },
    "yargs": {
      "version": "17.7.2",
      "resolved": "https://registry.npmjs.org/yargs/-/yargs-17.7.2.tgz",
      "integrity": "sha512-7dSzzRQ++CKnNI/krKnYRV7JKKPUXMEh61soaHKg9mrWEhzFWhFnxPxGl+69cD1Ou63C13NUPCnmIcrvqCuM6w==",
      "requires": {
        "cliui": "^8.0.1",
        "escalade": "^3.1.1",
        "get-caller-file": "^2.0.5",
        "require-directory": "^2.1.1",
        "string-width": "^4.2.3",
        "y18n": "^5.0.5",
        "yargs-parser": "^21.1.1"
      }
    },
    "yargs-parser": {
      "version": "21.1.1",
      "resolved": "https://registry.npmjs.org/yargs-parser/-/yargs-parser-21.1.1.tgz",
      "integrity": "sha512-tVpsJW7DdjecAiFpbIB1e3qxIQsE6NoPc5/eTdrbbIC4h0LVsWhnoa3g+m2HclBIujHzsxZ4VJVA+GUuc2/LBw=="
    },
    "yauzl": {
      "version": "2.10.0",
      "resolved": "https://registry.npmjs.org/yauzl/-/yauzl-2.10.0.tgz",
      "integrity": "sha512-p4a9I6X6nu6IhoGmBqAcbJy1mlC4j27vEPZX9F4L4/vZT3Lyq1VkFHw/V/PUcB9Buo+DG3iHkT0x3Qya58zc3g==",
      "requires": {
        "buffer-crc32": "~0.2.3",
        "fd-slicer": "~1.1.0"
      }
    }
  }
}
